// !$*UTF8*$!
{
	archiveVersion = 1;
	classes = {
	};
	objectVersion = 46;
	objects = {

/* Begin PBXBuildFile section */
		4C899F361BB5181E00B34000 /* AppDelegate.swift in Sources */ = {isa = PBXBuildFile; fileRef = 4C899F351BB5181E00B34000 /* AppDelegate.swift */; };
		4C899F381BB5181E00B34000 /* ViewController.swift in Sources */ = {isa = PBXBuildFile; fileRef = 4C899F371BB5181E00B34000 /* ViewController.swift */; };
		4C899F3B1BB5181E00B34000 /* Main.storyboard in Resources */ = {isa = PBXBuildFile; fileRef = 4C899F391BB5181E00B34000 /* Main.storyboard */; };
		4C899F3D1BB5181E00B34000 /* Assets.xcassets in Resources */ = {isa = PBXBuildFile; fileRef = 4C899F3C1BB5181E00B34000 /* Assets.xcassets */; };
		4C899F401BB5181E00B34000 /* LaunchScreen.storyboard in Resources */ = {isa = PBXBuildFile; fileRef = 4C899F3E1BB5181E00B34000 /* LaunchScreen.storyboard */; };
		4C899F4B1BB5181E00B34000 /* ComicTests.swift in Sources */ = {isa = PBXBuildFile; fileRef = 4C899F4A1BB5181E00B34000 /* ComicTests.swift */; };
		4C899F561BB5181E00B34000 /* ComicUITests.swift in Sources */ = {isa = PBXBuildFile; fileRef = 4C899F551BB5181E00B34000 /* ComicUITests.swift */; };
/* End PBXBuildFile section */

/* Begin PBXContainerItemProxy section */
		4C899F471BB5181E00B34000 /* PBXContainerItemProxy */ = {
			isa = PBXContainerItemProxy;
			containerPortal = 4C899F2A1BB5181E00B34000 /* Project object */;
			proxyType = 1;
			remoteGlobalIDString = 4C899F311BB5181E00B34000;
			remoteInfo = Comic;
		};
		4C899F521BB5181E00B34000 /* PBXContainerItemProxy */ = {
			isa = PBXContainerItemProxy;
			containerPortal = 4C899F2A1BB5181E00B34000 /* Project object */;
			proxyType = 1;
			remoteGlobalIDString = 4C899F311BB5181E00B34000;
			remoteInfo = Comic;
		};
/* End PBXContainerItemProxy section */

/* Begin PBXFileReference section */
		4C899F321BB5181E00B34000 /* Comic.app */ = {isa = PBXFileReference; explicitFileType = wrapper.application; includeInIndex = 0; path = Comic.app; sourceTree = BUILT_PRODUCTS_DIR; };
		4C899F351BB5181E00B34000 /* AppDelegate.swift */ = {isa = PBXFileReference; lastKnownFileType = sourcecode.swift; path = AppDelegate.swift; sourceTree = "<group>"; };
		4C899F371BB5181E00B34000 /* ViewController.swift */ = {isa = PBXFileReference; lastKnownFileType = sourcecode.swift; path = ViewController.swift; sourceTree = "<group>"; };
		4C899F3A1BB5181E00B34000 /* Base */ = {isa = PBXFileReference; lastKnownFileType = file.storyboard; name = Base; path = Base.lproj/Main.storyboard; sourceTree = "<group>"; };
		4C899F3C1BB5181E00B34000 /* Assets.xcassets */ = {isa = PBXFileReference; lastKnownFileType = folder.assetcatalog; path = Assets.xcassets; sourceTree = "<group>"; };
		4C899F3F1BB5181E00B34000 /* Base */ = {isa = PBXFileReference; lastKnownFileType = file.storyboard; name = Base; path = Base.lproj/LaunchScreen.storyboard; sourceTree = "<group>"; };
		4C899F411BB5181E00B34000 /* Info.plist */ = {isa = PBXFileReference; lastKnownFileType = text.plist.xml; path = Info.plist; sourceTree = "<group>"; };
		4C899F461BB5181E00B34000 /* ComicTests.xctest */ = {isa = PBXFileReference; explicitFileType = wrapper.cfbundle; includeInIndex = 0; path = ComicTests.xctest; sourceTree = BUILT_PRODUCTS_DIR; };
		4C899F4A1BB5181E00B34000 /* ComicTests.swift */ = {isa = PBXFileReference; lastKnownFileType = sourcecode.swift; path = ComicTests.swift; sourceTree = "<group>"; };
		4C899F4C1BB5181E00B34000 /* Info.plist */ = {isa = PBXFileReference; lastKnownFileType = text.plist.xml; path = Info.plist; sourceTree = "<group>"; };
		4C899F511BB5181E00B34000 /* ComicUITests.xctest */ = {isa = PBXFileReference; explicitFileType = wrapper.cfbundle; includeInIndex = 0; path = ComicUITests.xctest; sourceTree = BUILT_PRODUCTS_DIR; };
		4C899F551BB5181E00B34000 /* ComicUITests.swift */ = {isa = PBXFileReference; lastKnownFileType = sourcecode.swift; path = ComicUITests.swift; sourceTree = "<group>"; };
		4C899F571BB5181E00B34000 /* Info.plist */ = {isa = PBXFileReference; lastKnownFileType = text.plist.xml; path = Info.plist; sourceTree = "<group>"; };
/* End PBXFileReference section */

/* Begin PBXFrameworksBuildPhase section */
		4C899F2F1BB5181E00B34000 /* Frameworks */ = {
			isa = PBXFrameworksBuildPhase;
			buildActionMask = 2147483647;
			files = (
			);
			runOnlyForDeploymentPostprocessing = 0;
		};
		4C899F431BB5181E00B34000 /* Frameworks */ = {
			isa = PBXFrameworksBuildPhase;
			buildActionMask = 2147483647;
			files = (
			);
			runOnlyForDeploymentPostprocessing = 0;
		};
		4C899F4E1BB5181E00B34000 /* Frameworks */ = {
			isa = PBXFrameworksBuildPhase;
			buildActionMask = 2147483647;
			files = (
			);
			runOnlyForDeploymentPostprocessing = 0;
		};
/* End PBXFrameworksBuildPhase section */

/* Begin PBXGroup section */
		4C899F291BB5181E00B34000 = {
			isa = PBXGroup;
			children = (
				4C899F341BB5181E00B34000 /* Comic */,
				4C899F491BB5181E00B34000 /* ComicTests */,
				4C899F541BB5181E00B34000 /* ComicUITests */,
				4C899F331BB5181E00B34000 /* Products */,
			);
			sourceTree = "<group>";
		};
		4C899F331BB5181E00B34000 /* Products */ = {
			isa = PBXGroup;
			children = (
				4C899F321BB5181E00B34000 /* Comic.app */,
				4C899F461BB5181E00B34000 /* ComicTests.xctest */,
				4C899F511BB5181E00B34000 /* ComicUITests.xctest */,
			);
			name = Products;
			sourceTree = "<group>";
		};
		4C899F341BB5181E00B34000 /* Comic */ = {
			isa = PBXGroup;
			children = (
				4C899F351BB5181E00B34000 /* AppDelegate.swift */,
				4C899F371BB5181E00B34000 /* ViewController.swift */,
				4C899F391BB5181E00B34000 /* Main.storyboard */,
				4C899F3C1BB5181E00B34000 /* Assets.xcassets */,
				4C899F3E1BB5181E00B34000 /* LaunchScreen.storyboard */,
				4C899F411BB5181E00B34000 /* Info.plist */,
			);
			path = Comic;
			sourceTree = "<group>";
		};
		4C899F491BB5181E00B34000 /* ComicTests */ = {
			isa = PBXGroup;
			children = (
				4C899F4A1BB5181E00B34000 /* ComicTests.swift */,
				4C899F4C1BB5181E00B34000 /* Info.plist */,
			);
			path = ComicTests;
			sourceTree = "<group>";
		};
		4C899F541BB5181E00B34000 /* ComicUITests */ = {
			isa = PBXGroup;
			children = (
				4C899F551BB5181E00B34000 /* ComicUITests.swift */,
				4C899F571BB5181E00B34000 /* Info.plist */,
			);
			path = ComicUITests;
			sourceTree = "<group>";
		};
/* End PBXGroup section */

/* Begin PBXNativeTarget section */
		4C899F311BB5181E00B34000 /* Comic */ = {
			isa = PBXNativeTarget;
			buildConfigurationList = 4C899F5A1BB5181E00B34000 /* Build configuration list for PBXNativeTarget "Comic" */;
			buildPhases = (
				4C899F2E1BB5181E00B34000 /* Sources */,
				4C899F2F1BB5181E00B34000 /* Frameworks */,
				4C899F301BB5181E00B34000 /* Resources */,
			);
			buildRules = (
			);
			dependencies = (
			);
			name = Comic;
			productName = Comic;
			productReference = 4C899F321BB5181E00B34000 /* Comic.app */;
			productType = "com.apple.product-type.application";
		};
		4C899F451BB5181E00B34000 /* ComicTests */ = {
			isa = PBXNativeTarget;
			buildConfigurationList = 4C899F5D1BB5181E00B34000 /* Build configuration list for PBXNativeTarget "ComicTests" */;
			buildPhases = (
				4C899F421BB5181E00B34000 /* Sources */,
				4C899F431BB5181E00B34000 /* Frameworks */,
				4C899F441BB5181E00B34000 /* Resources */,
			);
			buildRules = (
			);
			dependencies = (
				4C899F481BB5181E00B34000 /* PBXTargetDependency */,
			);
			name = ComicTests;
			productName = ComicTests;
			productReference = 4C899F461BB5181E00B34000 /* ComicTests.xctest */;
			productType = "com.apple.product-type.bundle.unit-test";
		};
		4C899F501BB5181E00B34000 /* ComicUITests */ = {
			isa = PBXNativeTarget;
			buildConfigurationList = 4C899F601BB5181E00B34000 /* Build configuration list for PBXNativeTarget "ComicUITests" */;
			buildPhases = (
				4C899F4D1BB5181E00B34000 /* Sources */,
				4C899F4E1BB5181E00B34000 /* Frameworks */,
				4C899F4F1BB5181E00B34000 /* Resources */,
			);
			buildRules = (
			);
			dependencies = (
				4C899F531BB5181E00B34000 /* PBXTargetDependency */,
			);
			name = ComicUITests;
			productName = ComicUITests;
			productReference = 4C899F511BB5181E00B34000 /* ComicUITests.xctest */;
			productType = "com.apple.product-type.bundle.ui-testing";
		};
/* End PBXNativeTarget section */

/* Begin PBXProject section */
		4C899F2A1BB5181E00B34000 /* Project object */ = {
			isa = PBXProject;
			attributes = {
				LastUpgradeCheck = 0700;
				ORGANIZATIONNAME = "Tin Vo";
				TargetAttributes = {
					4C899F311BB5181E00B34000 = {
						CreatedOnToolsVersion = 7.0;
					};
					4C899F451BB5181E00B34000 = {
						CreatedOnToolsVersion = 7.0;
						TestTargetID = 4C899F311BB5181E00B34000;
					};
					4C899F501BB5181E00B34000 = {
						CreatedOnToolsVersion = 7.0;
						TestTargetID = 4C899F311BB5181E00B34000;
					};
				};
			};
			buildConfigurationList = 4C899F2D1BB5181E00B34000 /* Build configuration list for PBXProject "Comic" */;
			compatibilityVersion = "Xcode 3.2";
			developmentRegion = English;
			hasScannedForEncodings = 0;
			knownRegions = (
				en,
				Base,
			);
			mainGroup = 4C899F291BB5181E00B34000;
			productRefGroup = 4C899F331BB5181E00B34000 /* Products */;
			projectDirPath = "";
			projectRoot = "";
			targets = (
				4C899F311BB5181E00B34000 /* Comic */,
				4C899F451BB5181E00B34000 /* ComicTests */,
				4C899F501BB5181E00B34000 /* ComicUITests */,
			);
		};
/* End PBXProject section */

/* Begin PBXResourcesBuildPhase section */
		4C899F301BB5181E00B34000 /* Resources */ = {
			isa = PBXResourcesBuildPhase;
			buildActionMask = 2147483647;
			files = (
				4C899F401BB5181E00B34000 /* LaunchScreen.storyboard in Resources */,
				4C899F3D1BB5181E00B34000 /* Assets.xcassets in Resources */,
				4C899F3B1BB5181E00B34000 /* Main.storyboard in Resources */,
			);
			runOnlyForDeploymentPostprocessing = 0;
		};
		4C899F441BB5181E00B34000 /* Resources */ = {
			isa = PBXResourcesBuildPhase;
			buildActionMask = 2147483647;
			files = (
			);
			runOnlyForDeploymentPostprocessing = 0;
		};
		4C899F4F1BB5181E00B34000 /* Resources */ = {
			isa = PBXResourcesBuildPhase;
			buildActionMask = 2147483647;
			files = (
			);
			runOnlyForDeploymentPostprocessing = 0;
		};
/* End PBXResourcesBuildPhase section */

/* Begin PBXSourcesBuildPhase section */
		4C899F2E1BB5181E00B34000 /* Sources */ = {
			isa = PBXSourcesBuildPhase;
			buildActionMask = 2147483647;
			files = (
				4C899F381BB5181E00B34000 /* ViewController.swift in Sources */,
				4C899F361BB5181E00B34000 /* AppDelegate.swift in Sources */,
			);
			runOnlyForDeploymentPostprocessing = 0;
		};
		4C899F421BB5181E00B34000 /* Sources */ = {
			isa = PBXSourcesBuildPhase;
			buildActionMask = 2147483647;
			files = (
				4C899F4B1BB5181E00B34000 /* ComicTests.swift in Sources */,
			);
			runOnlyForDeploymentPostprocessing = 0;
		};
		4C899F4D1BB5181E00B34000 /* Sources */ = {
			isa = PBXSourcesBuildPhase;
			buildActionMask = 2147483647;
			files = (
				4C899F561BB5181E00B34000 /* ComicUITests.swift in Sources */,
			);
			runOnlyForDeploymentPostprocessing = 0;
		};
/* End PBXSourcesBuildPhase section */

/* Begin PBXTargetDependency section */
		4C899F481BB5181E00B34000 /* PBXTargetDependency */ = {
			isa = PBXTargetDependency;
			target = 4C899F311BB5181E00B34000 /* Comic */;
			targetProxy = 4C899F471BB5181E00B34000 /* PBXContainerItemProxy */;
		};
		4C899F531BB5181E00B34000 /* PBXTargetDependency */ = {
			isa = PBXTargetDependency;
			target = 4C899F311BB5181E00B34000 /* Comic */;
			targetProxy = 4C899F521BB5181E00B34000 /* PBXContainerItemProxy */;
		};
/* End PBXTargetDependency section */

/* Begin PBXVariantGroup section */
		4C899F391BB5181E00B34000 /* Main.storyboard */ = {
			isa = PBXVariantGroup;
			children = (
				4C899F3A1BB5181E00B34000 /* Base */,
			);
			name = Main.storyboard;
			sourceTree = "<group>";
		};
		4C899F3E1BB5181E00B34000 /* LaunchScreen.storyboard */ = {
			isa = PBXVariantGroup;
			children = (
				4C899F3F1BB5181E00B34000 /* Base */,
			);
			name = LaunchScreen.storyboard;
			sourceTree = "<group>";
		};
/* End PBXVariantGroup section */

/* Begin XCBuildConfiguration section */
		4C899F581BB5181E00B34000 /* Debug */ = {
			isa = XCBuildConfiguration;
			buildSettings = {
				ALWAYS_SEARCH_USER_PATHS = NO;
				CLANG_CXX_LANGUAGE_STANDARD = "gnu++0x";
				CLANG_CXX_LIBRARY = "libc++";
				CLANG_ENABLE_MODULES = YES;
				CLANG_ENABLE_OBJC_ARC = YES;
				CLANG_WARN_BOOL_CONVERSION = YES;
				CLANG_WARN_CONSTANT_CONVERSION = YES;
				CLANG_WARN_DIRECT_OBJC_ISA_USAGE = YES_ERROR;
				CLANG_WARN_EMPTY_BODY = YES;
				CLANG_WARN_ENUM_CONVERSION = YES;
				CLANG_WARN_INT_CONVERSION = YES;
				CLANG_WARN_OBJC_ROOT_CLASS = YES_ERROR;
				CLANG_WARN_UNREACHABLE_CODE = YES;
				CLANG_WARN__DUPLICATE_METHOD_MATCH = YES;
				"CODE_SIGN_IDENTITY[sdk=iphoneos*]" = "iPhone Developer";
				COPY_PHASE_STRIP = NO;
				DEBUG_INFORMATION_FORMAT = dwarf;
				ENABLE_STRICT_OBJC_MSGSEND = YES;
				ENABLE_TESTABILITY = YES;
				GCC_C_LANGUAGE_STANDARD = gnu99;
				GCC_DYNAMIC_NO_PIC = NO;
				GCC_NO_COMMON_BLOCKS = YES;
				GCC_OPTIMIZATION_LEVEL = 0;
				GCC_PREPROCESSOR_DEFINITIONS = (
					"DEBUG=1",
					"$(inherited)",
				);
				GCC_WARN_64_TO_32_BIT_CONVERSION = YES;
				GCC_WARN_ABOUT_RETURN_TYPE = YES_ERROR;
				GCC_WARN_UNDECLARED_SELECTOR = YES;
				GCC_WARN_UNINITIALIZED_AUTOS = YES_AGGRESSIVE;
				GCC_WARN_UNUSED_FUNCTION = YES;
				GCC_WARN_UNUSED_VARIABLE = YES;
				IPHONEOS_DEPLOYMENT_TARGET = 9.0;
				MTL_ENABLE_DEBUG_INFO = YES;
				ONLY_ACTIVE_ARCH = YES;
				SDKROOT = iphoneos;
				SWIFT_OPTIMIZATION_LEVEL = "-Onone";
			};
			name = Debug;
		};
		4C899F591BB5181E00B34000 /* Release */ = {
			isa = XCBuildConfiguration;
			buildSettings = {
				ALWAYS_SEARCH_USER_PATHS = NO;
				CLANG_CXX_LANGUAGE_STANDARD = "gnu++0x";
				CLANG_CXX_LIBRARY = "libc++";
				CLANG_ENABLE_MODULES = YES;
				CLANG_ENABLE_OBJC_ARC = YES;
				CLANG_WARN_BOOL_CONVERSION = YES;
				CLANG_WARN_CONSTANT_CONVERSION = YES;
				CLANG_WARN_DIRECT_OBJC_ISA_USAGE = YES_ERROR;
				CLANG_WARN_EMPTY_BODY = YES;
				CLANG_WARN_ENUM_CONVERSION = YES;
				CLANG_WARN_INT_CONVERSION = YES;
				CLANG_WARN_OBJC_ROOT_CLASS = YES_ERROR;
				CLANG_WARN_UNREACHABLE_CODE = YES;
				CLANG_WARN__DUPLICATE_METHOD_MATCH = YES;
				"CODE_SIGN_IDENTITY[sdk=iphoneos*]" = "iPhone Developer";
				COPY_PHASE_STRIP = NO;
				DEBUG_INFORMATION_FORMAT = "dwarf-with-dsym";
				ENABLE_NS_ASSERTIONS = NO;
				ENABLE_STRICT_OBJC_MSGSEND = YES;
				GCC_C_LANGUAGE_STANDARD = gnu99;
				GCC_NO_COMMON_BLOCKS = YES;
				GCC_WARN_64_TO_32_BIT_CONVERSION = YES;
				GCC_WARN_ABOUT_RETURN_TYPE = YES_ERROR;
				GCC_WARN_UNDECLARED_SELECTOR = YES;
				GCC_WARN_UNINITIALIZED_AUTOS = YES_AGGRESSIVE;
				GCC_WARN_UNUSED_FUNCTION = YES;
				GCC_WARN_UNUSED_VARIABLE = YES;
				IPHONEOS_DEPLOYMENT_TARGET = 9.0;
				MTL_ENABLE_DEBUG_INFO = NO;
				SDKROOT = iphoneos;
				VALIDATE_PRODUCT = YES;
			};
			name = Release;
		};
		4C899F5B1BB5181E00B34000 /* Debug */ = {
			isa = XCBuildConfiguration;
			buildSettings = {
				ASSETCATALOG_COMPILER_APPICON_NAME = AppIcon;
				INFOPLIST_FILE = Comic/Info.plist;
				LD_RUNPATH_SEARCH_PATHS = "$(inherited) @executable_path/Frameworks";
				PRODUCT_BUNDLE_IDENTIFIER = self.tinvo.Comic;
				PRODUCT_NAME = "$(TARGET_NAME)";
			};
			name = Debug;
		};
		4C899F5C1BB5181E00B34000 /* Release */ = {
			isa = XCBuildConfiguration;
			buildSettings = {
				ASSETCATALOG_COMPILER_APPICON_NAME = AppIcon;
				INFOPLIST_FILE = Comic/Info.plist;
				LD_RUNPATH_SEARCH_PATHS = "$(inherited) @executable_path/Frameworks";
				PRODUCT_BUNDLE_IDENTIFIER = self.tinvo.Comic;
				PRODUCT_NAME = "$(TARGET_NAME)";
			};
			name = Release;
		};
		4C899F5E1BB5181E00B34000 /* Debug */ = {
			isa = XCBuildConfiguration;
			buildSettings = {
				BUNDLE_LOADER = "$(TEST_HOST)";
				INFOPLIST_FILE = ComicTests/Info.plist;
				LD_RUNPATH_SEARCH_PATHS = "$(inherited) @executable_path/Frameworks @loader_path/Frameworks";
				PRODUCT_BUNDLE_IDENTIFIER = self.tinvo.ComicTests;
				PRODUCT_NAME = "$(TARGET_NAME)";
				TEST_HOST = "$(BUILT_PRODUCTS_DIR)/Comic.app/Comic";
			};
			name = Debug;
		};
		4C899F5F1BB5181E00B34000 /* Release */ = {
			isa = XCBuildConfiguration;
			buildSettings = {
				BUNDLE_LOADER = "$(TEST_HOST)";
				INFOPLIST_FILE = ComicTests/Info.plist;
				LD_RUNPATH_SEARCH_PATHS = "$(inherited) @executable_path/Frameworks @loader_path/Frameworks";
				PRODUCT_BUNDLE_IDENTIFIER = self.tinvo.ComicTests;
				PRODUCT_NAME = "$(TARGET_NAME)";
				TEST_HOST = "$(BUILT_PRODUCTS_DIR)/Comic.app/Comic";
			};
			name = Release;
		};
		4C899F611BB5181E00B34000 /* Debug */ = {
			isa = XCBuildConfiguration;
			buildSettings = {
				INFOPLIST_FILE = ComicUITests/Info.plist;
				LD_RUNPATH_SEARCH_PATHS = "$(inherited) @executable_path/Frameworks @loader_path/Frameworks";
				PRODUCT_BUNDLE_IDENTIFIER = self.tinvo.ComicUITests;
				PRODUCT_NAME = "$(TARGET_NAME)";
				TEST_TARGET_NAME = Comic;
				USES_XCTRUNNER = YES;
			};
			name = Debug;
		};
		4C899F621BB5181E00B34000 /* Release */ = {
			isa = XCBuildConfiguration;
			buildSettings = {
				INFOPLIST_FILE = ComicUITests/Info.plist;
				LD_RUNPATH_SEARCH_PATHS = "$(inherited) @executable_path/Frameworks @loader_path/Frameworks";
				PRODUCT_BUNDLE_IDENTIFIER = self.tinvo.ComicUITests;
				PRODUCT_NAME = "$(TARGET_NAME)";
				TEST_TARGET_NAME = Comic;
				USES_XCTRUNNER = YES;
			};
			name = Release;
		};
/* End XCBuildConfiguration section */

/* Begin XCConfigurationList section */
		4C899F2D1BB5181E00B34000 /* Build configuration list for PBXProject "Comic" */ = {
			isa = XCConfigurationList;
			buildConfigurations = (
				4C899F581BB5181E00B34000 /* Debug */,
				4C899F591BB5181E00B34000 /* Release */,
			);
			defaultConfigurationIsVisible = 0;
			defaultConfigurationName = Release;
		};
		4C899F5A1BB5181E00B34000 /* Build configuration list for PBXNativeTarget "Comic" */ = {
			isa = XCConfigurationList;
			buildConfigurations = (
				4C899F5B1BB5181E00B34000 /* Debug */,
				4C899F5C1BB5181E00B34000 /* Release */,
			);
			defaultConfigurationIsVisible = 0;
			defaultConfigurationName = Release;
		};
		4C899F5D1BB5181E00B34000 /* Build configuration list for PBXNativeTarget "ComicTests" */ = {
			isa = XCConfigurationList;
			buildConfigurations = (
				4C899F5E1BB5181E00B34000 /* Debug */,
				4C899F5F1BB5181E00B34000 /* Release */,
			);
			defaultConfigurationIsVisible = 0;
			defaultConfigurationName = Release;
		};
		4C899F601BB5181E00B34000 /* Build configuration list for PBXNativeTarget "ComicUITests" */ = {
			isa = XCConfigurationList;
			buildConfigurations = (
				4C899F611BB5181E00B34000 /* Debug */,
				4C899F621BB5181E00B34000 /* Release */,
			);
			defaultConfigurationIsVisible = 0;
			defaultConfigurationName = Release;
		};
/* End XCConfigurationList section */
	};
	rootObject = 4C899F2A1BB5181E00B34000 /* Project object */;
}
